// !$*UTF8*$!
{
	archiveVersion = 1;
	classes = {
	};
	objectVersion = 50;
	objects = {

/* Begin PBXBuildFile section */
		035570B92493A8B500183690 /* main.cpp in Sources */ = {isa = PBXBuildFile; fileRef = 035570B82493A8B500183690 /* main.cpp */; };
		035570C62494F3CA00183690 /* basic-grammar.cpp in Sources */ = {isa = PBXBuildFile; fileRef = 035570C52494F3CA00183690 /* basic-grammar.cpp */; };
		035570C82495C02200183690 /* basic-constructor.cpp in Sources */ = {isa = PBXBuildFile; fileRef = 035570C72495C02200183690 /* basic-constructor.cpp */; };
		035570CA2495C84B00183690 /* basic-destructor.cpp in Sources */ = {isa = PBXBuildFile; fileRef = 035570C92495C84B00183690 /* basic-destructor.cpp */; };
		035570CD2495D91E00183690 /* Person.cpp in Sources */ = {isa = PBXBuildFile; fileRef = 035570CB2495D91E00183690 /* Person.cpp */; };
		035570CF2495E13000183690 /* basic_namespace.cpp in Sources */ = {isa = PBXBuildFile; fileRef = 035570CE2495E13000183690 /* basic_namespace.cpp */; };
		035570D12495ECB700183690 /* basic-inherit.cpp in Sources */ = {isa = PBXBuildFile; fileRef = 035570D02495ECB700183690 /* basic-inherit.cpp */; };
		035570D32496003700183690 /* basic-initialization-list.cpp in Sources */ = {isa = PBXBuildFile; fileRef = 035570D22496003700183690 /* basic-initialization-list.cpp */; };
		035570D5249624B700183690 /* basic-polymorphism.cpp in Sources */ = {isa = PBXBuildFile; fileRef = 035570D4249624B700183690 /* basic-polymorphism.cpp */; };
		035570D724963F7D00183690 /* basic-multiple-inherit.cpp in Sources */ = {isa = PBXBuildFile; fileRef = 035570D624963F7D00183690 /* basic-multiple-inherit.cpp */; };
		035570D92496554500183690 /* basic-static-singleton.cpp in Sources */ = {isa = PBXBuildFile; fileRef = 035570D82496554500183690 /* basic-static-singleton.cpp */; };
		035D13D12497A81E007ED0E3 /* basic-const.cpp in Sources */ = {isa = PBXBuildFile; fileRef = 035D13D02497A81E007ED0E3 /* basic-const.cpp */; };
		035D13D32497B6A7007ED0E3 /* basic-copy-constructor.cpp in Sources */ = {isa = PBXBuildFile; fileRef = 035D13D22497B6A7007ED0E3 /* basic-copy-constructor.cpp */; };
		035D13D52497C5F1007ED0E3 /* basic-shallow-copy-deep-copy.cpp in Sources */ = {isa = PBXBuildFile; fileRef = 035D13D42497C5F1007ED0E3 /* basic-shallow-copy-deep-copy.cpp */; };
		03A764382498E2180032858F /* basic-anonymous-object.cpp in Sources */ = {isa = PBXBuildFile; fileRef = 03A764372498E2180032858F /* basic-anonymous-object.cpp */; };
		03A7643A2498EA280032858F /* basic-implicit-explicit-constructor.cpp in Sources */ = {isa = PBXBuildFile; fileRef = 03A764392498EA280032858F /* basic-implicit-explicit-constructor.cpp */; };
		03A7643C2498F4210032858F /* basic-automatic-generate-constructor.cpp in Sources */ = {isa = PBXBuildFile; fileRef = 03A7643B2498F4210032858F /* basic-automatic-generate-constructor.cpp */; };
		03A7643E2499049C0032858F /* basic-friend-inner-local-class.cpp in Sources */ = {isa = PBXBuildFile; fileRef = 03A7643D2499049C0032858F /* basic-friend-inner-local-class.cpp */; };
		03A76440249909F60032858F /* basic-operator-overload.cpp in Sources */ = {isa = PBXBuildFile; fileRef = 03A7643F249909F60032858F /* basic-operator-overload.cpp */; };
		03AD5A81249CF24200894280 /* basic-template.cpp in Sources */ = {isa = PBXBuildFile; fileRef = 03AD5A80249CF24200894280 /* basic-template.cpp */; };
/* End PBXBuildFile section */

/* Begin PBXCopyFilesBuildPhase section */
		035570B32493A8B500183690 /* CopyFiles */ = {
			isa = PBXCopyFilesBuildPhase;
			buildActionMask = 2147483647;
			dstPath = /usr/share/man/man1/;
			dstSubfolderSpec = 0;
			files = (
			);
			runOnlyForDeploymentPostprocessing = 1;
		};
/* End PBXCopyFilesBuildPhase section */

/* Begin PBXFileReference section */
		035570B52493A8B500183690 /* learning-C++ */ = {isa = PBXFileReference; explicitFileType = "compiled.mach-o.executable"; includeInIndex = 0; path = "learning-C++"; sourceTree = BUILT_PRODUCTS_DIR; };
		035570B82493A8B500183690 /* main.cpp */ = {isa = PBXFileReference; lastKnownFileType = sourcecode.cpp.cpp; path = main.cpp; sourceTree = "<group>"; };
		035570C52494F3CA00183690 /* basic-grammar.cpp */ = {isa = PBXFileReference; lastKnownFileType = sourcecode.cpp.cpp; path = "basic-grammar.cpp"; sourceTree = "<group>"; };
		035570C72495C02200183690 /* basic-constructor.cpp */ = {isa = PBXFileReference; lastKnownFileType = sourcecode.cpp.cpp; path = "basic-constructor.cpp"; sourceTree = "<group>"; };
		035570C92495C84B00183690 /* basic-destructor.cpp */ = {isa = PBXFileReference; lastKnownFileType = sourcecode.cpp.cpp; path = "basic-destructor.cpp"; sourceTree = "<group>"; };
		035570CB2495D91E00183690 /* Person.cpp */ = {isa = PBXFileReference; lastKnownFileType = sourcecode.cpp.cpp; path = Person.cpp; sourceTree = "<group>"; };
		035570CC2495D91E00183690 /* Person.hpp */ = {isa = PBXFileReference; lastKnownFileType = sourcecode.cpp.h; path = Person.hpp; sourceTree = "<group>"; };
		035570CE2495E13000183690 /* basic_namespace.cpp */ = {isa = PBXFileReference; lastKnownFileType = sourcecode.cpp.cpp; path = basic_namespace.cpp; sourceTree = "<group>"; };
		035570D02495ECB700183690 /* basic-inherit.cpp */ = {isa = PBXFileReference; lastKnownFileType = sourcecode.cpp.cpp; path = "basic-inherit.cpp"; sourceTree = "<group>"; };
		035570D22496003700183690 /* basic-initialization-list.cpp */ = {isa = PBXFileReference; lastKnownFileType = sourcecode.cpp.cpp; path = "basic-initialization-list.cpp"; sourceTree = "<group>"; };
		035570D4249624B700183690 /* basic-polymorphism.cpp */ = {isa = PBXFileReference; lastKnownFileType = sourcecode.cpp.cpp; path = "basic-polymorphism.cpp"; sourceTree = "<group>"; };
		035570D624963F7D00183690 /* basic-multiple-inherit.cpp */ = {isa = PBXFileReference; lastKnownFileType = sourcecode.cpp.cpp; path = "basic-multiple-inherit.cpp"; sourceTree = "<group>"; };
		035570D82496554500183690 /* basic-static-singleton.cpp */ = {isa = PBXFileReference; lastKnownFileType = sourcecode.cpp.cpp; path = "basic-static-singleton.cpp"; sourceTree = "<group>"; };
		035D13D02497A81E007ED0E3 /* basic-const.cpp */ = {isa = PBXFileReference; lastKnownFileType = sourcecode.cpp.cpp; path = "basic-const.cpp"; sourceTree = "<group>"; };
		035D13D22497B6A7007ED0E3 /* basic-copy-constructor.cpp */ = {isa = PBXFileReference; lastKnownFileType = sourcecode.cpp.cpp; path = "basic-copy-constructor.cpp"; sourceTree = "<group>"; };
		035D13D42497C5F1007ED0E3 /* basic-shallow-copy-deep-copy.cpp */ = {isa = PBXFileReference; lastKnownFileType = sourcecode.cpp.cpp; path = "basic-shallow-copy-deep-copy.cpp"; sourceTree = "<group>"; };
		03A764372498E2180032858F /* basic-anonymous-object.cpp */ = {isa = PBXFileReference; lastKnownFileType = sourcecode.cpp.cpp; path = "basic-anonymous-object.cpp"; sourceTree = "<group>"; };
		03A764392498EA280032858F /* basic-implicit-explicit-constructor.cpp */ = {isa = PBXFileReference; lastKnownFileType = sourcecode.cpp.cpp; path = "basic-implicit-explicit-constructor.cpp"; sourceTree = "<group>"; };
		03A7643B2498F4210032858F /* basic-automatic-generate-constructor.cpp */ = {isa = PBXFileReference; lastKnownFileType = sourcecode.cpp.cpp; path = "basic-automatic-generate-constructor.cpp"; sourceTree = "<group>"; };
		03A7643D2499049C0032858F /* basic-friend-inner-local-class.cpp */ = {isa = PBXFileReference; lastKnownFileType = sourcecode.cpp.cpp; path = "basic-friend-inner-local-class.cpp"; sourceTree = "<group>"; };
		03A7643F249909F60032858F /* basic-operator-overload.cpp */ = {isa = PBXFileReference; lastKnownFileType = sourcecode.cpp.cpp; path = "basic-operator-overload.cpp"; sourceTree = "<group>"; };
		03AD5A80249CF24200894280 /* basic-template.cpp */ = {isa = PBXFileReference; lastKnownFileType = sourcecode.cpp.cpp; path = "basic-template.cpp"; sourceTree = "<group>"; };
		03CB48F0249BAFB80097E8A1 /* array.hpp */ = {isa = PBXFileReference; lastKnownFileType = sourcecode.cpp.h; path = array.hpp; sourceTree = "<group>"; };
/* End PBXFileReference section */

/* Begin PBXFrameworksBuildPhase section */
		035570B22493A8B500183690 /* Frameworks */ = {
			isa = PBXFrameworksBuildPhase;
			buildActionMask = 2147483647;
			files = (
			);
			runOnlyForDeploymentPostprocessing = 0;
		};
/* End PBXFrameworksBuildPhase section */

/* Begin PBXGroup section */
		035570AC2493A8B500183690 = {
			isa = PBXGroup;
			children = (
				035570B72493A8B500183690 /* learning-C++ */,
				035570B62493A8B500183690 /* Products */,
			);
			sourceTree = "<group>";
		};
		035570B62493A8B500183690 /* Products */ = {
			isa = PBXGroup;
			children = (
				035570B52493A8B500183690 /* learning-C++ */,
			);
			name = Products;
			sourceTree = "<group>";
		};
		035570B72493A8B500183690 /* learning-C++ */ = {
			isa = PBXGroup;
			children = (
				035570C52494F3CA00183690 /* basic-grammar.cpp */,
				035570C72495C02200183690 /* basic-constructor.cpp */,
				035570C92495C84B00183690 /* basic-destructor.cpp */,
				035570CE2495E13000183690 /* basic_namespace.cpp */,
				035570D02495ECB700183690 /* basic-inherit.cpp */,
				035570D22496003700183690 /* basic-initialization-list.cpp */,
				035570D4249624B700183690 /* basic-polymorphism.cpp */,
				035570D624963F7D00183690 /* basic-multiple-inherit.cpp */,
				035570D82496554500183690 /* basic-static-singleton.cpp */,
				035D13D02497A81E007ED0E3 /* basic-const.cpp */,
				035D13D22497B6A7007ED0E3 /* basic-copy-constructor.cpp */,
				035D13D42497C5F1007ED0E3 /* basic-shallow-copy-deep-copy.cpp */,
				03A764372498E2180032858F /* basic-anonymous-object.cpp */,
				03A764392498EA280032858F /* basic-implicit-explicit-constructor.cpp */,
				03A7643B2498F4210032858F /* basic-automatic-generate-constructor.cpp */,
				03A7643D2499049C0032858F /* basic-friend-inner-local-class.cpp */,
				03A7643F249909F60032858F /* basic-operator-overload.cpp */,
				03AD5A80249CF24200894280 /* basic-template.cpp */,
				03CB48F0249BAFB80097E8A1 /* array.hpp */,
				035570CC2495D91E00183690 /* Person.hpp */,
				035570CB2495D91E00183690 /* Person.cpp */,
				035570B82493A8B500183690 /* main.cpp */,
			);
			path = "learning-C++";
			sourceTree = "<group>";
		};
/* End PBXGroup section */

/* Begin PBXNativeTarget section */
		035570B42493A8B500183690 /* learning-C++ */ = {
			isa = PBXNativeTarget;
			buildConfigurationList = 035570BC2493A8B500183690 /* Build configuration list for PBXNativeTarget "learning-C++" */;
			buildPhases = (
				035570B12493A8B500183690 /* Sources */,
				035570B22493A8B500183690 /* Frameworks */,
				035570B32493A8B500183690 /* CopyFiles */,
			);
			buildRules = (
			);
			dependencies = (
			);
			name = "learning-C++";
			productName = "learning-C++";
			productReference = 035570B52493A8B500183690 /* learning-C++ */;
			productType = "com.apple.product-type.tool";
		};
/* End PBXNativeTarget section */

/* Begin PBXProject section */
		035570AD2493A8B500183690 /* Project object */ = {
			isa = PBXProject;
			attributes = {
				LastUpgradeCheck = 1150;
				ORGANIZATIONNAME = Ankui;
				TargetAttributes = {
					035570B42493A8B500183690 = {
						CreatedOnToolsVersion = 11.5;
					};
				};
			};
			buildConfigurationList = 035570B02493A8B500183690 /* Build configuration list for PBXProject "learning-C++" */;
			compatibilityVersion = "Xcode 9.3";
			developmentRegion = en;
			hasScannedForEncodings = 0;
			knownRegions = (
				en,
				Base,
			);
			mainGroup = 035570AC2493A8B500183690;
			productRefGroup = 035570B62493A8B500183690 /* Products */;
			projectDirPath = "";
			projectRoot = "";
			targets = (
				035570B42493A8B500183690 /* learning-C++ */,
			);
		};
/* End PBXProject section */

/* Begin PBXSourcesBuildPhase section */
		035570B12493A8B500183690 /* Sources */ = {
			isa = PBXSourcesBuildPhase;
			buildActionMask = 2147483647;
			files = (
				035D13D52497C5F1007ED0E3 /* basic-shallow-copy-deep-copy.cpp in Sources */,
				035570C82495C02200183690 /* basic-constructor.cpp in Sources */,
				03A7643C2498F4210032858F /* basic-automatic-generate-constructor.cpp in Sources */,
				03A76440249909F60032858F /* basic-operator-overload.cpp in Sources */,
				035570C62494F3CA00183690 /* basic-grammar.cpp in Sources */,
				035570B92493A8B500183690 /* main.cpp in Sources */,
				03A7643A2498EA280032858F /* basic-implicit-explicit-constructor.cpp in Sources */,
				03A7643E2499049C0032858F /* basic-friend-inner-local-class.cpp in Sources */,
				035570CD2495D91E00183690 /* Person.cpp in Sources */,
				035570D92496554500183690 /* basic-static-singleton.cpp in Sources */,
				035D13D32497B6A7007ED0E3 /* basic-copy-constructor.cpp in Sources */,
				035570CF2495E13000183690 /* basic_namespace.cpp in Sources */,
				03A764382498E2180032858F /* basic-anonymous-object.cpp in Sources */,
				035D13D12497A81E007ED0E3 /* basic-const.cpp in Sources */,
				035570D5249624B700183690 /* basic-polymorphism.cpp in Sources */,
				035570CA2495C84B00183690 /* basic-destructor.cpp in Sources */,
				035570D32496003700183690 /* basic-initialization-list.cpp in Sources */,
				035570D724963F7D00183690 /* basic-multiple-inherit.cpp in Sources */,
				03AD5A81249CF24200894280 /* basic-template.cpp in Sources */,
				035570D12495ECB700183690 /* basic-inherit.cpp in Sources */,
			);
			runOnlyForDeploymentPostprocessing = 0;
		};
/* End PBXSourcesBuildPhase section */

/* Begin XCBuildConfiguration section */
		035570BA2493A8B500183690 /* Debug */ = {
			isa = XCBuildConfiguration;
			buildSettings = {
				ALWAYS_SEARCH_USER_PATHS = NO;
				CLANG_ANALYZER_NONNULL = YES;
				CLANG_ANALYZER_NUMBER_OBJECT_CONVERSION = YES_AGGRESSIVE;
				CLANG_CXX_LANGUAGE_STANDARD = "gnu++14";
				CLANG_CXX_LIBRARY = "libc++";
				CLANG_ENABLE_MODULES = YES;
				CLANG_ENABLE_OBJC_ARC = YES;
				CLANG_ENABLE_OBJC_WEAK = YES;
				CLANG_WARN_BLOCK_CAPTURE_AUTORELEASING = YES;
				CLANG_WARN_BOOL_CONVERSION = YES;
				CLANG_WARN_COMMA = YES;
				CLANG_WARN_CONSTANT_CONVERSION = YES;
				CLANG_WARN_DEPRECATED_OBJC_IMPLEMENTATIONS = YES;
				CLANG_WARN_DIRECT_OBJC_ISA_USAGE = YES_ERROR;
				CLANG_WARN_DOCUMENTATION_COMMENTS = YES;
				CLANG_WARN_EMPTY_BODY = YES;
				CLANG_WARN_ENUM_CONVERSION = YES;
				CLANG_WARN_INFINITE_RECURSION = YES;
				CLANG_WARN_INT_CONVERSION = YES;
				CLANG_WARN_NON_LITERAL_NULL_CONVERSION = YES;
				CLANG_WARN_OBJC_IMPLICIT_RETAIN_SELF = YES;
				CLANG_WARN_OBJC_LITERAL_CONVERSION = YES;
				CLANG_WARN_OBJC_ROOT_CLASS = YES_ERROR;
				CLANG_WARN_RANGE_LOOP_ANALYSIS = YES;
				CLANG_WARN_STRICT_PROTOTYPES = YES;
				CLANG_WARN_SUSPICIOUS_MOVE = YES;
				CLANG_WARN_UNGUARDED_AVAILABILITY = YES_AGGRESSIVE;
				CLANG_WARN_UNREACHABLE_CODE = YES;
				CLANG_WARN__DUPLICATE_METHOD_MATCH = YES;
				COPY_PHASE_STRIP = NO;
				DEBUG_INFORMATION_FORMAT = dwarf;
				ENABLE_STRICT_OBJC_MSGSEND = YES;
				ENABLE_TESTABILITY = YES;
				GCC_C_LANGUAGE_STANDARD = gnu11;
				GCC_DYNAMIC_NO_PIC = NO;
				GCC_NO_COMMON_BLOCKS = YES;
				GCC_OPTIMIZATION_LEVEL = 0;
				GCC_PREPROCESSOR_DEFINITIONS = (
					"DEBUG=1",
					"$(inherited)",
				);
				GCC_WARN_64_TO_32_BIT_CONVERSION = YES;
				GCC_WARN_ABOUT_RETURN_TYPE = YES_ERROR;
				GCC_WARN_UNDECLARED_SELECTOR = YES;
				GCC_WARN_UNINITIALIZED_AUTOS = YES_AGGRESSIVE;
				GCC_WARN_UNUSED_FUNCTION = YES;
				GCC_WARN_UNUSED_VARIABLE = YES;
				MACOSX_DEPLOYMENT_TARGET = 10.15;
				MTL_ENABLE_DEBUG_INFO = INCLUDE_SOURCE;
				MTL_FAST_MATH = YES;
				ONLY_ACTIVE_ARCH = YES;
				SDKROOT = macosx;
			};
			name = Debug;
		};
		035570BB2493A8B500183690 /* Release */ = {
			isa = XCBuildConfiguration;
			buildSettings = {
				ALWAYS_SEARCH_USER_PATHS = NO;
				CLANG_ANALYZER_NONNULL = YES;
				CLANG_ANALYZER_NUMBER_OBJECT_CONVERSION = YES_AGGRESSIVE;
				CLANG_CXX_LANGUAGE_STANDARD = "gnu++14";
				CLANG_CXX_LIBRARY = "libc++";
				CLANG_ENABLE_MODULES = YES;
				CLANG_ENABLE_OBJC_ARC = YES;
				CLANG_ENABLE_OBJC_WEAK = YES;
				CLANG_WARN_BLOCK_CAPTURE_AUTORELEASING = YES;
				CLANG_WARN_BOOL_CONVERSION = YES;
				CLANG_WARN_COMMA = YES;
				CLANG_WARN_CONSTANT_CONVERSION = YES;
				CLANG_WARN_DEPRECATED_OBJC_IMPLEMENTATIONS = YES;
				CLANG_WARN_DIRECT_OBJC_ISA_USAGE = YES_ERROR;
				CLANG_WARN_DOCUMENTATION_COMMENTS = YES;
				CLANG_WARN_EMPTY_BODY = YES;
				CLANG_WARN_ENUM_CONVERSION = YES;
				CLANG_WARN_INFINITE_RECURSION = YES;
				CLANG_WARN_INT_CONVERSION = YES;
				CLANG_WARN_NON_LITERAL_NULL_CONVERSION = YES;
				CLANG_WARN_OBJC_IMPLICIT_RETAIN_SELF = YES;
				CLANG_WARN_OBJC_LITERAL_CONVERSION = YES;
				CLANG_WARN_OBJC_ROOT_CLASS = YES_ERROR;
				CLANG_WARN_RANGE_LOOP_ANALYSIS = YES;
				CLANG_WARN_STRICT_PROTOTYPES = YES;
				CLANG_WARN_SUSPICIOUS_MOVE = YES;
				CLANG_WARN_UNGUARDED_AVAILABILITY = YES_AGGRESSIVE;
				CLANG_WARN_UNREACHABLE_CODE = YES;
				CLANG_WARN__DUPLICATE_METHOD_MATCH = YES;
				COPY_PHASE_STRIP = NO;
				DEBUG_INFORMATION_FORMAT = "dwarf-with-dsym";
				ENABLE_NS_ASSERTIONS = NO;
				ENABLE_STRICT_OBJC_MSGSEND = YES;
				GCC_C_LANGUAGE_STANDARD = gnu11;
				GCC_NO_COMMON_BLOCKS = YES;
				GCC_WARN_64_TO_32_BIT_CONVERSION = YES;
				GCC_WARN_ABOUT_RETURN_TYPE = YES_ERROR;
				GCC_WARN_UNDECLARED_SELECTOR = YES;
				GCC_WARN_UNINITIALIZED_AUTOS = YES_AGGRESSIVE;
				GCC_WARN_UNUSED_FUNCTION = YES;
				GCC_WARN_UNUSED_VARIABLE = YES;
				MACOSX_DEPLOYMENT_TARGET = 10.15;
				MTL_ENABLE_DEBUG_INFO = NO;
				MTL_FAST_MATH = YES;
				SDKROOT = macosx;
			};
			name = Release;
		};
		035570BD2493A8B500183690 /* Debug */ = {
			isa = XCBuildConfiguration;
			buildSettings = {
				CODE_SIGN_STYLE = Automatic;
				PRODUCT_NAME = "$(TARGET_NAME)";
			};
			name = Debug;
		};
		035570BE2493A8B500183690 /* Release */ = {
			isa = XCBuildConfiguration;
			buildSettings = {
				CODE_SIGN_STYLE = Automatic;
				PRODUCT_NAME = "$(TARGET_NAME)";
			};
			name = Release;
		};
/* End XCBuildConfiguration section */

/* Begin XCConfigurationList section */
		035570B02493A8B500183690 /* Build configuration list for PBXProject "learning-C++" */ = {
			isa = XCConfigurationList;
			buildConfigurations = (
				035570BA2493A8B500183690 /* Debug */,
				035570BB2493A8B500183690 /* Release */,
			);
			defaultConfigurationIsVisible = 0;
			defaultConfigurationName = Release;
		};
		035570BC2493A8B500183690 /* Build configuration list for PBXNativeTarget "learning-C++" */ = {
			isa = XCConfigurationList;
			buildConfigurations = (
				035570BD2493A8B500183690 /* Debug */,
				035570BE2493A8B500183690 /* Release */,
			);
			defaultConfigurationIsVisible = 0;
			defaultConfigurationName = Release;
		};
/* End XCConfigurationList section */
	};
	rootObject = 035570AD2493A8B500183690 /* Project object */;
}
